
Microsoft Visual Studio Solution File, Format Version 12.00
# Visual Studio Version 17
VisualStudioVersion = 17.11.35312.102
MinimumVisualStudioVersion = 10.0.40219.1
Project("{FAE04EC0-301F-11D3-BF4B-00C04F79EFBC}") = "CsharpUnitTest", "CsharpUnitTest.csproj", "{F8A18891-D427-48FB-A9F0-817EF83EB5FD}"
EndProject
Project("{FAE04EC0-301F-11D3-BF4B-00C04F79EFBC}") = "NetworkUtility", "..\NetworkUtility\NetworkUtility.csproj", "{B86E8B68-5EC2-4358-9B6D-EED31BBE89E8}"
EndProject
Project("{FAE04EC0-301F-11D3-BF4B-00C04F79EFBC}") = "NetworkUtility.Tests", "..\NetworkUtility.Tests\NetworkUtility.Tests.csproj", "{6B2C45B4-FB02-425F-8ECF-82CDA4D975F8}"
EndProject
Global
	GlobalSection(SolutionConfigurationPlatforms) = preSolution
		Debug|Any CPU = Debug|Any CPU
		Release|Any CPU = Release|Any CPU
	EndGlobalSection
	GlobalSection(ProjectConfigurationPlatforms) = postSolution
		{F8A18891-D427-48FB-A9F0-817EF83EB5FD}.Debug|Any CPU.ActiveCfg = Debug|Any CPU
		{F8A18891-D427-48FB-A9F0-817EF83EB5FD}.Debug|Any CPU.Build.0 = Debug|Any CPU
		{F8A18891-D427-48FB-A9F0-817EF83EB5FD}.Release|Any CPU.ActiveCfg = Release|Any CPU
		{F8A18891-D427-48FB-A9F0-817EF83EB5FD}.Release|Any CPU.Build.0 = Release|Any CPU
		{B86E8B68-5EC2-4358-9B6D-EED31BBE89E8}.Debug|Any CPU.ActiveCfg = Debug|Any CPU
		{B86E8B68-5EC2-4358-9B6D-EED31BBE89E8}.Debug|Any CPU.Build.0 = Debug|Any CPU
		{B86E8B68-5EC2-4358-9B6D-EED31BBE89E8}.Release|Any CPU.ActiveCfg = Release|Any CPU
		{B86E8B68-5EC2-4358-9B6D-EED31BBE89E8}.Release|Any CPU.Build.0 = Release|Any CPU
		{6B2C45B4-FB02-425F-8ECF-82CDA4D975F8}.Debug|Any CPU.ActiveCfg = Debug|Any CPU
		{6B2C45B4-FB02-425F-8ECF-82CDA4D975F8}.Debug|Any CPU.Build.0 = Debug|Any CPU
		{6B2C45B4-FB02-425F-8ECF-82CDA4D975F8}.Release|Any CPU.ActiveCfg = Release|Any CPU
		{6B2C45B4-FB02-425F-8ECF-82CDA4D975F8}.Release|Any CPU.Build.0 = Release|Any CPU
	EndGlobalSection
	GlobalSection(SolutionProperties) = preSolution
		HideSolutionNode = FALSE
	EndGlobalSection
	GlobalSection(ExtensibilityGlobals) = postSolution
		SolutionGuid = {6FC80FC6-3F87-4686-A51B-54C604301909}
	EndGlobalSection
EndGlobal
